// !$*UTF8*$!
{
	archiveVersion = 1;
	classes = {
	};
	objectVersion = 56;
	objects = {

/* Begin PBXBuildFile section */
		26CDDD682918DB5600F10E80 /* AppDelegate.swift in Sources */ = {isa = PBXBuildFile; fileRef = 26CDDD672918DB5600F10E80 /* AppDelegate.swift */; };
		26CDDD6A2918DB5600F10E80 /* SceneDelegate.swift in Sources */ = {isa = PBXBuildFile; fileRef = 26CDDD692918DB5600F10E80 /* SceneDelegate.swift */; };
		26CDDD6C2918DB5600F10E80 /* FeedViewController.swift in Sources */ = {isa = PBXBuildFile; fileRef = 26CDDD6B2918DB5600F10E80 /* FeedViewController.swift */; };
		26CDDD712918DB5700F10E80 /* Assets.xcassets in Resources */ = {isa = PBXBuildFile; fileRef = 26CDDD702918DB5700F10E80 /* Assets.xcassets */; };
		26CDDD742918DB5700F10E80 /* LaunchScreen.storyboard in Resources */ = {isa = PBXBuildFile; fileRef = 26CDDD722918DB5700F10E80 /* LaunchScreen.storyboard */; };
		26CDDD7D2918DB9000F10E80 /* SnapKit in Frameworks */ = {isa = PBXBuildFile; productRef = 26CDDD7C2918DB9000F10E80 /* SnapKit */; };
		26CDDD7F2918E63C00F10E80 /* TabBarController.swift in Sources */ = {isa = PBXBuildFile; fileRef = 26CDDD7E2918E63C00F10E80 /* TabBarController.swift */; };
		26CDDD822918EB5500F10E80 /* FeedTableViewCell.swift in Sources */ = {isa = PBXBuildFile; fileRef = 26CDDD812918EB5500F10E80 /* FeedTableViewCell.swift */; };
		26CDDD842918F53F00F10E80 /* UIButton+.swift in Sources */ = {isa = PBXBuildFile; fileRef = 26CDDD832918F53F00F10E80 /* UIButton+.swift */; };
		26CDDD872918F5E200F10E80 /* ProfileViewController.swift in Sources */ = {isa = PBXBuildFile; fileRef = 26CDDD862918F5E200F10E80 /* ProfileViewController.swift */; };
		26CDDD8A291900AE00F10E80 /* ProfileDataView.swift in Sources */ = {isa = PBXBuildFile; fileRef = 26CDDD89291900AE00F10E80 /* ProfileDataView.swift */; };
		26CDDD8C2919196E00F10E80 /* ProfileCollectionViewCell.swift in Sources */ = {isa = PBXBuildFile; fileRef = 26CDDD8B2919196E00F10E80 /* ProfileCollectionViewCell.swift */; };
		26CDDD8E291931DC00F10E80 /* UploadViewController.swift in Sources */ = {isa = PBXBuildFile; fileRef = 26CDDD8D291931DC00F10E80 /* UploadViewController.swift */; };
/* End PBXBuildFile section */

/* Begin PBXFileReference section */
		26CDDD642918DB5600F10E80 /* Instagram.app */ = {isa = PBXFileReference; explicitFileType = wrapper.application; includeInIndex = 0; path = Instagram.app; sourceTree = BUILT_PRODUCTS_DIR; };
		26CDDD672918DB5600F10E80 /* AppDelegate.swift */ = {isa = PBXFileReference; lastKnownFileType = sourcecode.swift; path = AppDelegate.swift; sourceTree = "<group>"; };
		26CDDD692918DB5600F10E80 /* SceneDelegate.swift */ = {isa = PBXFileReference; lastKnownFileType = sourcecode.swift; path = SceneDelegate.swift; sourceTree = "<group>"; };
		26CDDD6B2918DB5600F10E80 /* FeedViewController.swift */ = {isa = PBXFileReference; lastKnownFileType = sourcecode.swift; path = FeedViewController.swift; sourceTree = "<group>"; };
		26CDDD702918DB5700F10E80 /* Assets.xcassets */ = {isa = PBXFileReference; lastKnownFileType = folder.assetcatalog; path = Assets.xcassets; sourceTree = "<group>"; };
		26CDDD732918DB5700F10E80 /* Base */ = {isa = PBXFileReference; lastKnownFileType = file.storyboard; name = Base; path = Base.lproj/LaunchScreen.storyboard; sourceTree = "<group>"; };
		26CDDD752918DB5700F10E80 /* Info.plist */ = {isa = PBXFileReference; lastKnownFileType = text.plist.xml; path = Info.plist; sourceTree = "<group>"; };
		26CDDD7E2918E63C00F10E80 /* TabBarController.swift */ = {isa = PBXFileReference; lastKnownFileType = sourcecode.swift; path = TabBarController.swift; sourceTree = "<group>"; };
		26CDDD812918EB5500F10E80 /* FeedTableViewCell.swift */ = {isa = PBXFileReference; lastKnownFileType = sourcecode.swift; path = FeedTableViewCell.swift; sourceTree = "<group>"; };
		26CDDD832918F53F00F10E80 /* UIButton+.swift */ = {isa = PBXFileReference; lastKnownFileType = sourcecode.swift; path = "UIButton+.swift"; sourceTree = "<group>"; };
		26CDDD862918F5E200F10E80 /* ProfileViewController.swift */ = {isa = PBXFileReference; lastKnownFileType = sourcecode.swift; path = ProfileViewController.swift; sourceTree = "<group>"; };
		26CDDD89291900AE00F10E80 /* ProfileDataView.swift */ = {isa = PBXFileReference; lastKnownFileType = sourcecode.swift; path = ProfileDataView.swift; sourceTree = "<group>"; };
		26CDDD8B2919196E00F10E80 /* ProfileCollectionViewCell.swift */ = {isa = PBXFileReference; lastKnownFileType = sourcecode.swift; path = ProfileCollectionViewCell.swift; sourceTree = "<group>"; };
		26CDDD8D291931DC00F10E80 /* UploadViewController.swift */ = {isa = PBXFileReference; lastKnownFileType = sourcecode.swift; path = UploadViewController.swift; sourceTree = "<group>"; };
/* End PBXFileReference section */

/* Begin PBXFrameworksBuildPhase section */
		26CDDD612918DB5600F10E80 /* Frameworks */ = {
			isa = PBXFrameworksBuildPhase;
			buildActionMask = 2147483647;
			files = (
				26CDDD7D2918DB9000F10E80 /* SnapKit in Frameworks */,
			);
			runOnlyForDeploymentPostprocessing = 0;
		};
/* End PBXFrameworksBuildPhase section */

/* Begin PBXGroup section */
		26CDDD5B2918DB5600F10E80 = {
			isa = PBXGroup;
			children = (
				26CDDD662918DB5600F10E80 /* Instagram */,
				26CDDD652918DB5600F10E80 /* Products */,
			);
			sourceTree = "<group>";
		};
		26CDDD652918DB5600F10E80 /* Products */ = {
			isa = PBXGroup;
			children = (
				26CDDD642918DB5600F10E80 /* Instagram.app */,
			);
			name = Products;
			sourceTree = "<group>";
		};
		26CDDD662918DB5600F10E80 /* Instagram */ = {
			isa = PBXGroup;
			children = (
				26CDDD672918DB5600F10E80 /* AppDelegate.swift */,
				26CDDD692918DB5600F10E80 /* SceneDelegate.swift */,
				26CDDD832918F53F00F10E80 /* UIButton+.swift */,
				26CDDD802918E64900F10E80 /* Scenes */,
				26CDDD702918DB5700F10E80 /* Assets.xcassets */,
				26CDDD722918DB5700F10E80 /* LaunchScreen.storyboard */,
				26CDDD752918DB5700F10E80 /* Info.plist */,
			);
			path = Instagram;
			sourceTree = "<group>";
		};
		26CDDD802918E64900F10E80 /* Scenes */ = {
			isa = PBXGroup;
			children = (
				26CDDD852918F5C600F10E80 /* Feed */,
				26CDDD7E2918E63C00F10E80 /* TabBarController.swift */,
				26CDDD882918F5E900F10E80 /* Profile */,
			);
			path = Scenes;
			sourceTree = "<group>";
		};
		26CDDD852918F5C600F10E80 /* Feed */ = {
			isa = PBXGroup;
			children = (
				26CDDD6B2918DB5600F10E80 /* FeedViewController.swift */,
				26CDDD812918EB5500F10E80 /* FeedTableViewCell.swift */,
				26CDDD8D291931DC00F10E80 /* UploadViewController.swift */,
			);
			path = Feed;
			sourceTree = "<group>";
		};
		26CDDD882918F5E900F10E80 /* Profile */ = {
			isa = PBXGroup;
			children = (
				26CDDD862918F5E200F10E80 /* ProfileViewController.swift */,
				26CDDD89291900AE00F10E80 /* ProfileDataView.swift */,
				26CDDD8B2919196E00F10E80 /* ProfileCollectionViewCell.swift */,
			);
			path = Profile;
			sourceTree = "<group>";
		};
/* End PBXGroup section */

/* Begin PBXNativeTarget section */
		26CDDD632918DB5600F10E80 /* Instagram */ = {
			isa = PBXNativeTarget;
			buildConfigurationList = 26CDDD782918DB5700F10E80 /* Build configuration list for PBXNativeTarget "Instagram" */;
			buildPhases = (
				26CDDD602918DB5600F10E80 /* Sources */,
				26CDDD612918DB5600F10E80 /* Frameworks */,
				26CDDD622918DB5600F10E80 /* Resources */,
			);
			buildRules = (
			);
			dependencies = (
			);
			name = Instagram;
			packageProductDependencies = (
				26CDDD7C2918DB9000F10E80 /* SnapKit */,
			);
			productName = Instagram;
			productReference = 26CDDD642918DB5600F10E80 /* Instagram.app */;
			productType = "com.apple.product-type.application";
		};
/* End PBXNativeTarget section */

/* Begin PBXProject section */
		26CDDD5C2918DB5600F10E80 /* Project object */ = {
			isa = PBXProject;
			attributes = {
				BuildIndependentTargetsInParallel = 1;
				LastSwiftUpdateCheck = 1400;
				LastUpgradeCheck = 1400;
				TargetAttributes = {
					26CDDD632918DB5600F10E80 = {
						CreatedOnToolsVersion = 14.0.1;
					};
				};
			};
			buildConfigurationList = 26CDDD5F2918DB5600F10E80 /* Build configuration list for PBXProject "Instagram" */;
			compatibilityVersion = "Xcode 14.0";
			developmentRegion = en;
			hasScannedForEncodings = 0;
			knownRegions = (
				en,
				Base,
			);
			mainGroup = 26CDDD5B2918DB5600F10E80;
			packageReferences = (
				26CDDD7B2918DB9000F10E80 /* XCRemoteSwiftPackageReference "SnapKit" */,
			);
			productRefGroup = 26CDDD652918DB5600F10E80 /* Products */;
			projectDirPath = "";
			projectRoot = "";
			targets = (
				26CDDD632918DB5600F10E80 /* Instagram */,
			);
		};
/* End PBXProject section */

/* Begin PBXResourcesBuildPhase section */
		26CDDD622918DB5600F10E80 /* Resources */ = {
			isa = PBXResourcesBuildPhase;
			buildActionMask = 2147483647;
			files = (
				26CDDD742918DB5700F10E80 /* LaunchScreen.storyboard in Resources */,
				26CDDD712918DB5700F10E80 /* Assets.xcassets in Resources */,
			);
			runOnlyForDeploymentPostprocessing = 0;
		};
/* End PBXResourcesBuildPhase section */

/* Begin PBXSourcesBuildPhase section */
		26CDDD602918DB5600F10E80 /* Sources */ = {
			isa = PBXSourcesBuildPhase;
			buildActionMask = 2147483647;
			files = (
				26CDDD6C2918DB5600F10E80 /* FeedViewController.swift in Sources */,
				26CDDD8E291931DC00F10E80 /* UploadViewController.swift in Sources */,
				26CDDD8C2919196E00F10E80 /* ProfileCollectionViewCell.swift in Sources */,
				26CDDD842918F53F00F10E80 /* UIButton+.swift in Sources */,
				26CDDD7F2918E63C00F10E80 /* TabBarController.swift in Sources */,
				26CDDD682918DB5600F10E80 /* AppDelegate.swift in Sources */,
				26CDDD872918F5E200F10E80 /* ProfileViewController.swift in Sources */,
				26CDDD6A2918DB5600F10E80 /* SceneDelegate.swift in Sources */,
				26CDDD8A291900AE00F10E80 /* ProfileDataView.swift in Sources */,
				26CDDD822918EB5500F10E80 /* FeedTableViewCell.swift in Sources */,
			);
			runOnlyForDeploymentPostprocessing = 0;
		};
/* End PBXSourcesBuildPhase section */

/* Begin PBXVariantGroup section */
		26CDDD722918DB5700F10E80 /* LaunchScreen.storyboard */ = {
			isa = PBXVariantGroup;
			children = (
				26CDDD732918DB5700F10E80 /* Base */,
			);
			name = LaunchScreen.storyboard;
			sourceTree = "<group>";
		};
/* End PBXVariantGroup section */

/* Begin XCBuildConfiguration section */
		26CDDD762918DB5700F10E80 /* Debug */ = {
			isa = XCBuildConfiguration;
			buildSettings = {
				ALWAYS_SEARCH_USER_PATHS = NO;
				CLANG_ANALYZER_NONNULL = YES;
				CLANG_ANALYZER_NUMBER_OBJECT_CONVERSION = YES_AGGRESSIVE;
				CLANG_CXX_LANGUAGE_STANDARD = "gnu++20";
				CLANG_ENABLE_MODULES = YES;
				CLANG_ENABLE_OBJC_ARC = YES;
				CLANG_ENABLE_OBJC_WEAK = YES;
				CLANG_WARN_BLOCK_CAPTURE_AUTORELEASING = YES;
				CLANG_WARN_BOOL_CONVERSION = YES;
				CLANG_WARN_COMMA = YES;
				CLANG_WARN_CONSTANT_CONVERSION = YES;
				CLANG_WARN_DEPRECATED_OBJC_IMPLEMENTATIONS = YES;
				CLANG_WARN_DIRECT_OBJC_ISA_USAGE = YES_ERROR;
				CLANG_WARN_DOCUMENTATION_COMMENTS = YES;
				CLANG_WARN_EMPTY_BODY = YES;
				CLANG_WARN_ENUM_CONVERSION = YES;
				CLANG_WARN_INFINITE_RECURSION = YES;
				CLANG_WARN_INT_CONVERSION = YES;
				CLANG_WARN_NON_LITERAL_NULL_CONVERSION = YES;
				CLANG_WARN_OBJC_IMPLICIT_RETAIN_SELF = YES;
				CLANG_WARN_OBJC_LITERAL_CONVERSION = YES;
				CLANG_WARN_OBJC_ROOT_CLASS = YES_ERROR;
				CLANG_WARN_QUOTED_INCLUDE_IN_FRAMEWORK_HEADER = YES;
				CLANG_WARN_RANGE_LOOP_ANALYSIS = YES;
				CLANG_WARN_STRICT_PROTOTYPES = YES;
				CLANG_WARN_SUSPICIOUS_MOVE = YES;
				CLANG_WARN_UNGUARDED_AVAILABILITY = YES_AGGRESSIVE;
				CLANG_WARN_UNREACHABLE_CODE = YES;
				CLANG_WARN__DUPLICATE_METHOD_MATCH = YES;
				COPY_PHASE_STRIP = NO;
				DEBUG_INFORMATION_FORMAT = dwarf;
				ENABLE_STRICT_OBJC_MSGSEND = YES;
				ENABLE_TESTABILITY = YES;
				GCC_C_LANGUAGE_STANDARD = gnu11;
				GCC_DYNAMIC_NO_PIC = NO;
				GCC_NO_COMMON_BLOCKS = YES;
				GCC_OPTIMIZATION_LEVEL = 0;
				GCC_PREPROCESSOR_DEFINITIONS = (
					"DEBUG=1",
					"$(inherited)",
				);
				GCC_WARN_64_TO_32_BIT_CONVERSION = YES;
				GCC_WARN_ABOUT_RETURN_TYPE = YES_ERROR;
				GCC_WARN_UNDECLARED_SELECTOR = YES;
				GCC_WARN_UNINITIALIZED_AUTOS = YES_AGGRESSIVE;
				GCC_WARN_UNUSED_FUNCTION = YES;
				GCC_WARN_UNUSED_VARIABLE = YES;
				IPHONEOS_DEPLOYMENT_TARGET = 16.0;
				MTL_ENABLE_DEBUG_INFO = INCLUDE_SOURCE;
				MTL_FAST_MATH = YES;
				ONLY_ACTIVE_ARCH = YES;
				SDKROOT = iphoneos;
				SWIFT_ACTIVE_COMPILATION_CONDITIONS = DEBUG;
				SWIFT_OPTIMIZATION_LEVEL = "-Onone";
			};
			name = Debug;
		};
		26CDDD772918DB5700F10E80 /* Release */ = {
			isa = XCBuildConfiguration;
			buildSettings = {
				ALWAYS_SEARCH_USER_PATHS = NO;
				CLANG_ANALYZER_NONNULL = YES;
				CLANG_ANALYZER_NUMBER_OBJECT_CONVERSION = YES_AGGRESSIVE;
				CLANG_CXX_LANGUAGE_STANDARD = "gnu++20";
				CLANG_ENABLE_MODULES = YES;
				CLANG_ENABLE_OBJC_ARC = YES;
				CLANG_ENABLE_OBJC_WEAK = YES;
				CLANG_WARN_BLOCK_CAPTURE_AUTORELEASING = YES;
				CLANG_WARN_BOOL_CONVERSION = YES;
				CLANG_WARN_COMMA = YES;
				CLANG_WARN_CONSTANT_CONVERSION = YES;
				CLANG_WARN_DEPRECATED_OBJC_IMPLEMENTATIONS = YES;
				CLANG_WARN_DIRECT_OBJC_ISA_USAGE = YES_ERROR;
				CLANG_WARN_DOCUMENTATION_COMMENTS = YES;
				CLANG_WARN_EMPTY_BODY = YES;
				CLANG_WARN_ENUM_CONVERSION = YES;
				CLANG_WARN_INFINITE_RECURSION = YES;
				CLANG_WARN_INT_CONVERSION = YES;
				CLANG_WARN_NON_LITERAL_NULL_CONVERSION = YES;
				CLANG_WARN_OBJC_IMPLICIT_RETAIN_SELF = YES;
				CLANG_WARN_OBJC_LITERAL_CONVERSION = YES;
				CLANG_WARN_OBJC_ROOT_CLASS = YES_ERROR;
				CLANG_WARN_QUOTED_INCLUDE_IN_FRAMEWORK_HEADER = YES;
				CLANG_WARN_RANGE_LOOP_ANALYSIS = YES;
				CLANG_WARN_STRICT_PROTOTYPES = YES;
				CLANG_WARN_SUSPICIOUS_MOVE = YES;
				CLANG_WARN_UNGUARDED_AVAILABILITY = YES_AGGRESSIVE;
				CLANG_WARN_UNREACHABLE_CODE = YES;
				CLANG_WARN__DUPLICATE_METHOD_MATCH = YES;
				COPY_PHASE_STRIP = NO;
				DEBUG_INFORMATION_FORMAT = "dwarf-with-dsym";
				ENABLE_NS_ASSERTIONS = NO;
				ENABLE_STRICT_OBJC_MSGSEND = YES;
				GCC_C_LANGUAGE_STANDARD = gnu11;
				GCC_NO_COMMON_BLOCKS = YES;
				GCC_WARN_64_TO_32_BIT_CONVERSION = YES;
				GCC_WARN_ABOUT_RETURN_TYPE = YES_ERROR;
				GCC_WARN_UNDECLARED_SELECTOR = YES;
				GCC_WARN_UNINITIALIZED_AUTOS = YES_AGGRESSIVE;
				GCC_WARN_UNUSED_FUNCTION = YES;
				GCC_WARN_UNUSED_VARIABLE = YES;
				IPHONEOS_DEPLOYMENT_TARGET = 16.0;
				MTL_ENABLE_DEBUG_INFO = NO;
				MTL_FAST_MATH = YES;
				SDKROOT = iphoneos;
				SWIFT_COMPILATION_MODE = wholemodule;
				SWIFT_OPTIMIZATION_LEVEL = "-O";
				VALIDATE_PRODUCT = YES;
			};
			name = Release;
		};
		26CDDD792918DB5700F10E80 /* Debug */ = {
			isa = XCBuildConfiguration;
			buildSettings = {
				ASSETCATALOG_COMPILER_APPICON_NAME = AppIcon;
				ASSETCATALOG_COMPILER_GLOBAL_ACCENT_COLOR_NAME = AccentColor;
				CODE_SIGN_STYLE = Automatic;
				CURRENT_PROJECT_VERSION = 1;
				DEVELOPMENT_TEAM = 69M4BLMMZS;
				GENERATE_INFOPLIST_FILE = YES;
				INFOPLIST_FILE = Instagram/Info.plist;
				INFOPLIST_KEY_UIApplicationSupportsIndirectInputEvents = YES;
				INFOPLIST_KEY_UILaunchStoryboardName = LaunchScreen;
				INFOPLIST_KEY_UISupportedInterfaceOrientations_iPad = "UIInterfaceOrientationPortrait UIInterfaceOrientationPortraitUpsideDown UIInterfaceOrientationLandscapeLeft UIInterfaceOrientationLandscapeRight";
				INFOPLIST_KEY_UISupportedInterfaceOrientations_iPhone = "UIInterfaceOrientationPortrait UIInterfaceOrientationLandscapeLeft UIInterfaceOrientationLandscapeRight";
				LD_RUNPATH_SEARCH_PATHS = (
					"$(inherited)",
					"@executable_path/Frameworks",
				);
				MARKETING_VERSION = 1.0;
				PRODUCT_BUNDLE_IDENTIFIER = "-234.Instagram";
				PRODUCT_NAME = "$(TARGET_NAME)";
				SWIFT_EMIT_LOC_STRINGS = YES;
				SWIFT_VERSION = 5.0;
				TARGETED_DEVICE_FAMILY = "1,2";
			};
			name = Debug;
		};
		26CDDD7A2918DB5700F10E80 /* Release */ = {
			isa = XCBuildConfiguration;
			buildSettings = {
				ASSETCATALOG_COMPILER_APPICON_NAME = AppIcon;
				ASSETCATALOG_COMPILER_GLOBAL_ACCENT_COLOR_NAME = AccentColor;
				CODE_SIGN_STYLE = Automatic;
				CURRENT_PROJECT_VERSION = 1;
				DEVELOPMENT_TEAM = 69M4BLMMZS;
				GENERATE_INFOPLIST_FILE = YES;
				INFOPLIST_FILE = Instagram/Info.plist;
				INFOPLIST_KEY_UIApplicationSupportsIndirectInputEvents = YES;
				INFOPLIST_KEY_UILaunchStoryboardName = LaunchScreen;
				INFOPLIST_KEY_UISupportedInterfaceOrientations_iPad = "UIInterfaceOrientationPortrait UIInterfaceOrientationPortraitUpsideDown UIInterfaceOrientationLandscapeLeft UIInterfaceOrientationLandscapeRight";
				INFOPLIST_KEY_UISupportedInterfaceOrientations_iPhone = "UIInterfaceOrientationPortrait UIInterfaceOrientationLandscapeLeft UIInterfaceOrientationLandscapeRight";
				LD_RUNPATH_SEARCH_PATHS = (
					"$(inherited)",
					"@executable_path/Frameworks",
				);
				MARKETING_VERSION = 1.0;
				PRODUCT_BUNDLE_IDENTIFIER = "-234.Instagram";
				PRODUCT_NAME = "$(TARGET_NAME)";
				SWIFT_EMIT_LOC_STRINGS = YES;
				SWIFT_VERSION = 5.0;
				TARGETED_DEVICE_FAMILY = "1,2";
			};
			name = Release;
		};
/* End XCBuildConfiguration section */

/* Begin XCConfigurationList section */
		26CDDD5F2918DB5600F10E80 /* Build configuration list for PBXProject "Instagram" */ = {
			isa = XCConfigurationList;
			buildConfigurations = (
				26CDDD762918DB5700F10E80 /* Debug */,
				26CDDD772918DB5700F10E80 /* Release */,
			);
			defaultConfigurationIsVisible = 0;
			defaultConfigurationName = Release;
		};
		26CDDD782918DB5700F10E80 /* Build configuration list for PBXNativeTarget "Instagram" */ = {
			isa = XCConfigurationList;
			buildConfigurations = (
				26CDDD792918DB5700F10E80 /* Debug */,
				26CDDD7A2918DB5700F10E80 /* Release */,
			);
			defaultConfigurationIsVisible = 0;
			defaultConfigurationName = Release;
		};
/* End XCConfigurationList section */

/* Begin XCRemoteSwiftPackageReference section */
		26CDDD7B2918DB9000F10E80 /* XCRemoteSwiftPackageReference "SnapKit" */ = {
			isa = XCRemoteSwiftPackageReference;
			repositoryURL = "https://github.com/SnapKit/SnapKit.git";
			requirement = {
				branch = develop;
				kind = branch;
			};
		};
/* End XCRemoteSwiftPackageReference section */

/* Begin XCSwiftPackageProductDependency section */
		26CDDD7C2918DB9000F10E80 /* SnapKit */ = {
			isa = XCSwiftPackageProductDependency;
			package = 26CDDD7B2918DB9000F10E80 /* XCRemoteSwiftPackageReference "SnapKit" */;
			productName = SnapKit;
		};
/* End XCSwiftPackageProductDependency section */
	};
	rootObject = 26CDDD5C2918DB5600F10E80 /* Project object */;
}
